
Microsoft Visual Studio Solution File, Format Version 12.00
# Visual Studio Version 17
VisualStudioVersion = 17.3.32901.215
MinimumVisualStudioVersion = 10.0.40219.1
Project("{FAE04EC0-301F-11D3-BF4B-00C04F79EFBC}") = "ConsoleApp4", "ConsoleApp4\ConsoleApp4.csproj", "{1211170E-A7BC-4C5A-95F9-115595917327}"
EndProject
Global
	GlobalSection(SolutionConfigurationPlatforms) = preSolution
		Debug|Any CPU = Debug|Any CPU
		Release|Any CPU = Release|Any CPU
	EndGlobalSection
	GlobalSection(ProjectConfigurationPlatforms) = postSolution
		{1211170E-A7BC-4C5A-95F9-115595917327}.Debug|Any CPU.ActiveCfg = Debug|Any CPU
		{1211170E-A7BC-4C5A-95F9-115595917327}.Debug|Any CPU.Build.0 = Debug|Any CPU
		{1211170E-A7BC-4C5A-95F9-115595917327}.Release|Any CPU.ActiveCfg = Release|Any CPU
		{1211170E-A7BC-4C5A-95F9-115595917327}.Release|Any CPU.Build.0 = Release|Any CPU
	EndGlobalSection
	GlobalSection(SolutionProperties) = preSolution
		HideSolutionNode = FALSE
	EndGlobalSection
	GlobalSection(ExtensibilityGlobals) = postSolution
		SolutionGuid = {D5721B76-A8D5-4845-8F20-A85BD70490EA}
	EndGlobalSection
EndGlobal
